
Microsoft Visual Studio Solution File, Format Version 12.00
# Visual Studio Version 17
VisualStudioVersion = 17.9.34728.123
MinimumVisualStudioVersion = 10.0.40219.1
Project("{FAE04EC0-301F-11D3-BF4B-00C04F79EFBC}") = "SpecFlowAutomationProject", "SpecFlowAutomationProject.csproj", "{96B47EEF-7B00-4781-AAE6-889CAC121CA0}"
EndProject
Global
	GlobalSection(SolutionConfigurationPlatforms) = preSolution
		Debug|Any CPU = Debug|Any CPU
		Release|Any CPU = Release|Any CPU
	EndGlobalSection
	GlobalSection(ProjectConfigurationPlatforms) = postSolution
		{96B47EEF-7B00-4781-AAE6-889CAC121CA0}.Debug|Any CPU.ActiveCfg = Debug|Any CPU
		{96B47EEF-7B00-4781-AAE6-889CAC121CA0}.Debug|Any CPU.Build.0 = Debug|Any CPU
		{96B47EEF-7B00-4781-AAE6-889CAC121CA0}.Release|Any CPU.ActiveCfg = Release|Any CPU
		{96B47EEF-7B00-4781-AAE6-889CAC121CA0}.Release|Any CPU.Build.0 = Release|Any CPU
	EndGlobalSection
	GlobalSection(SolutionProperties) = preSolution
		HideSolutionNode = FALSE
	EndGlobalSection
	GlobalSection(ExtensibilityGlobals) = postSolution
		SolutionGuid = {11F46DD8-8454-46C6-9D00-F3D0A4870A4B}
	EndGlobalSection
EndGlobal
